<Solution>
  <Configurations>
    <Platform Name="x64" />
  </Configurations>
  <Project Path="Alloc8orStandardNatives/Alloc8orStandardNatives.csproj">
    <Platform Project="x64" />
  </Project>
  <Project Path="CEventGenerator/CEventGenerator.vcxproj" Id="e4b8168a-6d7f-4d34-a4d6-6dc1dabaf201" />
  <Project Path="CommunityScriptHookVDotNetCore/CommunityScriptHookVDotNetCore.csproj">
    <Platform Project="x64" />
  </Project>
  <Project Path="CoreCLRHostLoader/CoreCLRHostLoader.vcxproj" />
  <Project Path="LocalNativeMemories/LocalNativeMemories.csproj" Id="8d5cad39-1ecb-42a5-800d-bde307480739">
    <Platform Project="x64" />
  </Project>
  <Project Path="LowLevelEvents/LowLevelEvents.csproj" Id="2b17f437-8db6-4a4a-bf2b-fd16f5d6bbcf">
    <Platform Solution="Release|*" Project="x64" />
  </Project>
  <Project Path="Script4Reload/Script4Reload.fsproj">
    <Platform Project="x64" />
  </Project>
  <Project Path="ScriptHookInput/ScriptHookInput.fsproj">
    <Platform Project="x64" />
  </Project>
  <Project Path="StandardGameOperations/StandardGameOperations.csproj" Id="1fca713e-6e05-4fc0-80b1-73e356030baf">
    <Platform Project="x64" />
  </Project>
</Solution>
