<?xml version="1.0" encoding="utf-8"?>
<Project ToolsVersion="4.0" xmlns="http://schemas.microsoft.com/developer/msbuild/2003">
  <ItemGroup>
    <Filter Include="Source">
      <UniqueIdentifier>{74e91268-d0bb-4cf5-b255-960d63736738}</UniqueIdentifier>
    </Filter>
  </ItemGroup>
  <ItemGroup>
    <ClCompile Include="Source\BrainDiscovery.cpp">
      <Filter>Source</Filter>
    </ClCompile>
    <ClCompile Include="Source\CoreCLRHostLoader.cpp">
      <Filter>Source</Filter>
    </ClCompile>
    <ClCompile Include="Source\DotNetEnvironment.cpp">
      <Filter>Source</Filter>
    </ClCompile>
    <ClCompile Include="Source\DotNetHost.cpp">
      <Filter>Source</Filter>
    </ClCompile>
    <ClCompile Include="Source\HostFiles.cpp">
      <Filter>Source</Filter>
    </ClCompile>
  </ItemGroup>
  <ItemGroup>
    <ClInclude Include="Source\CoreCLRHostLoader.hpp">
      <Filter>Source</Filter>
    </ClInclude>
    <ClInclude Include="Source\ScriptHookV.hpp">
      <Filter>Source</Filter>
    </ClInclude>
  </ItemGroup>
</Project>